Microsoft Visual Studio Solution File, Format Version 12.00
# Visual Studio Version 17
VisualStudioVersion = 17.5.2.0
MinimumVisualStudioVersion = 10.0.40219.1
Project("{2150E333-8FDC-42A3-9474-1A3956D46DE8}") = "back-end", "back-end", "{B670D836-3F3F-1B65-310F-B37E3F845B14}"
EndProject
Project("{FAE04EC0-301F-11D3-BF4B-00C04F79EFBC}") = "MangaWhisper.Api", "back-end\MangaWhisper.Api\MangaWhisper.Api.csproj", "{73A5E53E-6D3E-1A62-6AA9-BE96C215F8D3}"
EndProject
Global
	GlobalSection(SolutionConfigurationPlatforms) = preSolution
		Debug|Any CPU = Debug|Any CPU
		Release|Any CPU = Release|Any CPU
	EndGlobalSection
	GlobalSection(ProjectConfigurationPlatforms) = postSolution
		{73A5E53E-6D3E-1A62-6AA9-BE96C215F8D3}.Debug|Any CPU.ActiveCfg = Debug|Any CPU
		{73A5E53E-6D3E-1A62-6AA9-BE96C215F8D3}.Debug|Any CPU.Build.0 = Debug|Any CPU
		{73A5E53E-6D3E-1A62-6AA9-BE96C215F8D3}.Release|Any CPU.ActiveCfg = Release|Any CPU
		{73A5E53E-6D3E-1A62-6AA9-BE96C215F8D3}.Release|Any CPU.Build.0 = Release|Any CPU
	EndGlobalSection
	GlobalSection(SolutionProperties) = preSolution
		HideSolutionNode = FALSE
	EndGlobalSection
	GlobalSection(NestedProjects) = preSolution
		{73A5E53E-6D3E-1A62-6AA9-BE96C215F8D3} = {B670D836-3F3F-1B65-310F-B37E3F845B14}
	EndGlobalSection
	GlobalSection(ExtensibilityGlobals) = postSolution
		SolutionGuid = {FA8482D8-CDFD-422B-975C-2FB867B0EEC2}
	EndGlobalSection
EndGlobal
